// !$*UTF8*$!
{
	archiveVersion = 1;
	classes = {
	};
	objectVersion = 46;
	objects = {

/* Begin PBXBuildFile section */
		2406BA2C124FAD6A00566522 /* Foundation.framework in Frameworks */ = {isa = PBXBuildFile; fileRef = 2406BA2B124FAD6A00566522 /* Foundation.framework */; };
		2406BA3D124FADB500566522 /* main.m in Sources */ = {isa = PBXBuildFile; fileRef = 2406BA3C124FADB500566522 /* main.m */; };
		2411000012BE1DD30048A05B /* DCTBlock.m in Sources */ = {isa = PBXBuildFile; fileRef = 2411FFCC12BE1DD20048A05B /* DCTBlock.m */; };
		2411000212BE1DD30048A05B /* DCTObservationInfo.m in Sources */ = {isa = PBXBuildFile; fileRef = 2411FFD412BE1DD20048A05B /* DCTObservationInfo.m */; };
		2411000312BE1DD30048A05B /* DCTQueue.m in Sources */ = {isa = PBXBuildFile; fileRef = 2411FFD612BE1DD20048A05B /* DCTQueue.m */; };
		2411000412BE1DD30048A05B /* DCTStack.m in Sources */ = {isa = PBXBuildFile; fileRef = 2411FFD812BE1DD20048A05B /* DCTStack.m */; };
		2411000512BE1DD30048A05B /* NSArray+DCTExtras.m in Sources */ = {isa = PBXBuildFile; fileRef = 2411FFF012BE1DD20048A05B /* NSArray+DCTExtras.m */; };
		2411000612BE1DD30048A05B /* NSDate+DCTDateComponents.m in Sources */ = {isa = PBXBuildFile; fileRef = 2411FFF212BE1DD20048A05B /* NSDate+DCTDateComponents.m */; };
		2411000712BE1DD30048A05B /* NSDictionary+DCTExtras.m in Sources */ = {isa = PBXBuildFile; fileRef = 2411FFF412BE1DD20048A05B /* NSDictionary+DCTExtras.m */; };
		2411000812BE1DD30048A05B /* NSError+DCTExtensions.m in Sources */ = {isa = PBXBuildFile; fileRef = 2411FFF612BE1DD20048A05B /* NSError+DCTExtensions.m */; };
		2411000912BE1DD30048A05B /* NSMutableArray+DCTExtras.m in Sources */ = {isa = PBXBuildFile; fileRef = 2411FFF812BE1DD20048A05B /* NSMutableArray+DCTExtras.m */; };
		2411000A12BE1DD30048A05B /* NSMutableSet+DCTExtras.m in Sources */ = {isa = PBXBuildFile; fileRef = 2411FFFA12BE1DD20048A05B /* NSMutableSet+DCTExtras.m */; };
		2411000B12BE1DD30048A05B /* NSObject+DCTKVOExtras.m in Sources */ = {isa = PBXBuildFile; fileRef = 2411FFFC12BE1DD20048A05B /* NSObject+DCTKVOExtras.m */; };
		2411000C12BE1DD30048A05B /* NSObject+DCTPerformSelector.m in Sources */ = {isa = PBXBuildFile; fileRef = 2411FFFE12BE1DD20048A05B /* NSObject+DCTPerformSelector.m */; };
/* End PBXBuildFile section */

/* Begin PBXCopyFilesBuildPhase section */
		2406BA25124FAD6A00566522 /* CopyFiles */ = {
			isa = PBXCopyFilesBuildPhase;
			buildActionMask = 2147483647;
			dstPath = /usr/share/man/man1/;
			dstSubfolderSpec = 0;
			files = (
			);
			runOnlyForDeploymentPostprocessing = 1;
		};
/* End PBXCopyFilesBuildPhase section */

/* Begin PBXFileReference section */
		2406BA27124FAD6A00566522 /* DCTFoundation */ = {isa = PBXFileReference; explicitFileType = "compiled.mach-o.executable"; includeInIndex = 0; path = DCTFoundation; sourceTree = BUILT_PRODUCTS_DIR; };
		2406BA2B124FAD6A00566522 /* Foundation.framework */ = {isa = PBXFileReference; lastKnownFileType = wrapper.framework; name = Foundation.framework; path = System/Library/Frameworks/Foundation.framework; sourceTree = SDKROOT; };
		2406BA31124FAD6A00566522 /* DCTFoundation_Prefix.pch */ = {isa = PBXFileReference; lastKnownFileType = sourcecode.c.h; path = DCTFoundation_Prefix.pch; sourceTree = "<group>"; };
		2406BA3C124FADB500566522 /* main.m */ = {isa = PBXFileReference; fileEncoding = 4; lastKnownFileType = sourcecode.c.objc; path = main.m; sourceTree = SOURCE_ROOT; };
		2411FFCB12BE1DD20048A05B /* DCTBlock.h */ = {isa = PBXFileReference; fileEncoding = 4; lastKnownFileType = sourcecode.c.h; path = DCTBlock.h; sourceTree = "<group>"; };
		2411FFCC12BE1DD20048A05B /* DCTBlock.m */ = {isa = PBXFileReference; fileEncoding = 4; lastKnownFileType = sourcecode.c.objc; path = DCTBlock.m; sourceTree = "<group>"; };
		2411FFD312BE1DD20048A05B /* DCTObservationInfo.h */ = {isa = PBXFileReference; fileEncoding = 4; lastKnownFileType = sourcecode.c.h; path = DCTObservationInfo.h; sourceTree = "<group>"; };
		2411FFD412BE1DD20048A05B /* DCTObservationInfo.m */ = {isa = PBXFileReference; fileEncoding = 4; lastKnownFileType = sourcecode.c.objc; path = DCTObservationInfo.m; sourceTree = "<group>"; };
		2411FFD512BE1DD20048A05B /* DCTQueue.h */ = {isa = PBXFileReference; fileEncoding = 4; lastKnownFileType = sourcecode.c.h; path = DCTQueue.h; sourceTree = "<group>"; };
		2411FFD612BE1DD20048A05B /* DCTQueue.m */ = {isa = PBXFileReference; fileEncoding = 4; lastKnownFileType = sourcecode.c.objc; path = DCTQueue.m; sourceTree = "<group>"; };
		2411FFD712BE1DD20048A05B /* DCTStack.h */ = {isa = PBXFileReference; fileEncoding = 4; lastKnownFileType = sourcecode.c.h; path = DCTStack.h; sourceTree = "<group>"; };
		2411FFD812BE1DD20048A05B /* DCTStack.m */ = {isa = PBXFileReference; fileEncoding = 4; lastKnownFileType = sourcecode.c.objc; path = DCTStack.m; sourceTree = "<group>"; };
		2411FFEF12BE1DD20048A05B /* NSArray+DCTExtras.h */ = {isa = PBXFileReference; fileEncoding = 4; lastKnownFileType = sourcecode.c.h; path = "NSArray+DCTExtras.h"; sourceTree = "<group>"; };
		2411FFF012BE1DD20048A05B /* NSArray+DCTExtras.m */ = {isa = PBXFileReference; fileEncoding = 4; lastKnownFileType = sourcecode.c.objc; path = "NSArray+DCTExtras.m"; sourceTree = "<group>"; };
		2411FFF112BE1DD20048A05B /* NSDate+DCTDateComponents.h */ = {isa = PBXFileReference; fileEncoding = 4; lastKnownFileType = sourcecode.c.h; path = "NSDate+DCTDateComponents.h"; sourceTree = "<group>"; };
		2411FFF212BE1DD20048A05B /* NSDate+DCTDateComponents.m */ = {isa = PBXFileReference; fileEncoding = 4; lastKnownFileType = sourcecode.c.objc; path = "NSDate+DCTDateComponents.m"; sourceTree = "<group>"; };
		2411FFF312BE1DD20048A05B /* NSDictionary+DCTExtras.h */ = {isa = PBXFileReference; fileEncoding = 4; lastKnownFileType = sourcecode.c.h; path = "NSDictionary+DCTExtras.h"; sourceTree = "<group>"; };
		2411FFF412BE1DD20048A05B /* NSDictionary+DCTExtras.m */ = {isa = PBXFileReference; fileEncoding = 4; lastKnownFileType = sourcecode.c.objc; path = "NSDictionary+DCTExtras.m"; sourceTree = "<group>"; };
		2411FFF512BE1DD20048A05B /* NSError+DCTExtensions.h */ = {isa = PBXFileReference; fileEncoding = 4; lastKnownFileType = sourcecode.c.h; path = "NSError+DCTExtensions.h"; sourceTree = "<group>"; };
		2411FFF612BE1DD20048A05B /* NSError+DCTExtensions.m */ = {isa = PBXFileReference; fileEncoding = 4; lastKnownFileType = sourcecode.c.objc; path = "NSError+DCTExtensions.m"; sourceTree = "<group>"; };
		2411FFF712BE1DD20048A05B /* NSMutableArray+DCTExtras.h */ = {isa = PBXFileReference; fileEncoding = 4; lastKnownFileType = sourcecode.c.h; path = "NSMutableArray+DCTExtras.h"; sourceTree = "<group>"; };
		2411FFF812BE1DD20048A05B /* NSMutableArray+DCTExtras.m */ = {isa = PBXFileReference; fileEncoding = 4; lastKnownFileType = sourcecode.c.objc; path = "NSMutableArray+DCTExtras.m"; sourceTree = "<group>"; };
		2411FFF912BE1DD20048A05B /* NSMutableSet+DCTExtras.h */ = {isa = PBXFileReference; fileEncoding = 4; lastKnownFileType = sourcecode.c.h; path = "NSMutableSet+DCTExtras.h"; sourceTree = "<group>"; };
		2411FFFA12BE1DD20048A05B /* NSMutableSet+DCTExtras.m */ = {isa = PBXFileReference; fileEncoding = 4; lastKnownFileType = sourcecode.c.objc; path = "NSMutableSet+DCTExtras.m"; sourceTree = "<group>"; };
		2411FFFB12BE1DD20048A05B /* NSObject+DCTKVOExtras.h */ = {isa = PBXFileReference; fileEncoding = 4; lastKnownFileType = sourcecode.c.h; path = "NSObject+DCTKVOExtras.h"; sourceTree = "<group>"; };
		2411FFFC12BE1DD20048A05B /* NSObject+DCTKVOExtras.m */ = {isa = PBXFileReference; fileEncoding = 4; lastKnownFileType = sourcecode.c.objc; path = "NSObject+DCTKVOExtras.m"; sourceTree = "<group>"; };
		2411FFFD12BE1DD20048A05B /* NSObject+DCTPerformSelector.h */ = {isa = PBXFileReference; fileEncoding = 4; lastKnownFileType = sourcecode.c.h; path = "NSObject+DCTPerformSelector.h"; sourceTree = "<group>"; };
		2411FFFE12BE1DD20048A05B /* NSObject+DCTPerformSelector.m */ = {isa = PBXFileReference; fileEncoding = 4; lastKnownFileType = sourcecode.c.objc; path = "NSObject+DCTPerformSelector.m"; sourceTree = "<group>"; };
/* End PBXFileReference section */

/* Begin PBXFrameworksBuildPhase section */
		2406BA24124FAD6A00566522 /* Frameworks */ = {
			isa = PBXFrameworksBuildPhase;
			buildActionMask = 2147483647;
			files = (
				2406BA2C124FAD6A00566522 /* Foundation.framework in Frameworks */,
			);
			runOnlyForDeploymentPostprocessing = 0;
		};
/* End PBXFrameworksBuildPhase section */

/* Begin PBXGroup section */
		2406BA1A124FAD6A00566522 = {
			isa = PBXGroup;
			children = (
				2411FD8212BE1DCE0048A05B /* DCTFoundation */,
				2406BA21124FAD6A00566522 /* Source */,
				2406BA28124FAD6A00566522 /* Products */,
				2406BA2A124FAD6A00566522 /* Frameworks */,
				2406BA30124FAD6A00566522 /* Other Sources */,
			);
			sourceTree = "<group>";
		};
		2406BA21124FAD6A00566522 /* Source */ = {
			isa = PBXGroup;
			children = (
				2406BA3C124FADB500566522 /* main.m */,
			);
			path = Source;
			sourceTree = "<group>";
		};
		2406BA28124FAD6A00566522 /* Products */ = {
			isa = PBXGroup;
			children = (
				2406BA27124FAD6A00566522 /* DCTFoundation */,
			);
			name = Products;
			sourceTree = "<group>";
		};
		2406BA2A124FAD6A00566522 /* Frameworks */ = {
			isa = PBXGroup;
			children = (
				2406BA2B124FAD6A00566522 /* Foundation.framework */,
			);
			name = Frameworks;
			sourceTree = "<group>";
		};
		2406BA30124FAD6A00566522 /* Other Sources */ = {
			isa = PBXGroup;
			children = (
				2406BA31124FAD6A00566522 /* DCTFoundation_Prefix.pch */,
			);
			name = "Other Sources";
			sourceTree = "<group>";
		};
		2411FD8212BE1DCE0048A05B /* DCTFoundation */ = {
			isa = PBXGroup;
			children = (
				2411FFCB12BE1DD20048A05B /* DCTBlock.h */,
				2411FFCC12BE1DD20048A05B /* DCTBlock.m */,
				2411FFD312BE1DD20048A05B /* DCTObservationInfo.h */,
				2411FFD412BE1DD20048A05B /* DCTObservationInfo.m */,
				2411FFD512BE1DD20048A05B /* DCTQueue.h */,
				2411FFD612BE1DD20048A05B /* DCTQueue.m */,
				2411FFD712BE1DD20048A05B /* DCTStack.h */,
				2411FFD812BE1DD20048A05B /* DCTStack.m */,
				2411FFEF12BE1DD20048A05B /* NSArray+DCTExtras.h */,
				2411FFF012BE1DD20048A05B /* NSArray+DCTExtras.m */,
				2411FFF112BE1DD20048A05B /* NSDate+DCTDateComponents.h */,
				2411FFF212BE1DD20048A05B /* NSDate+DCTDateComponents.m */,
				2411FFF312BE1DD20048A05B /* NSDictionary+DCTExtras.h */,
				2411FFF412BE1DD20048A05B /* NSDictionary+DCTExtras.m */,
				2411FFF512BE1DD20048A05B /* NSError+DCTExtensions.h */,
				2411FFF612BE1DD20048A05B /* NSError+DCTExtensions.m */,
				2411FFF712BE1DD20048A05B /* NSMutableArray+DCTExtras.h */,
				2411FFF812BE1DD20048A05B /* NSMutableArray+DCTExtras.m */,
				2411FFF912BE1DD20048A05B /* NSMutableSet+DCTExtras.h */,
				2411FFFA12BE1DD20048A05B /* NSMutableSet+DCTExtras.m */,
				2411FFFB12BE1DD20048A05B /* NSObject+DCTKVOExtras.h */,
				2411FFFC12BE1DD20048A05B /* NSObject+DCTKVOExtras.m */,
				2411FFFD12BE1DD20048A05B /* NSObject+DCTPerformSelector.h */,
				2411FFFE12BE1DD20048A05B /* NSObject+DCTPerformSelector.m */,
			);
			name = DCTFoundation;
			path = /Users/danielctull/Dropbox/Programs/Cocoa/Frameworks/DCTFoundation;
			sourceTree = "<absolute>";
		};
/* End PBXGroup section */

/* Begin PBXNativeTarget section */
		2406BA26124FAD6A00566522 /* DCTFoundation */ = {
			isa = PBXNativeTarget;
			buildConfigurationList = 2406BA34124FAD6A00566522 /* Build configuration list for PBXNativeTarget "DCTFoundation" */;
			buildPhases = (
				2406BA23124FAD6A00566522 /* Sources */,
				2406BA24124FAD6A00566522 /* Frameworks */,
				2406BA25124FAD6A00566522 /* CopyFiles */,
			);
			buildRules = (
			);
			dependencies = (
			);
			name = DCTFoundation;
			productName = DCTFoundation;
			productReference = 2406BA27124FAD6A00566522 /* DCTFoundation */;
			productType = "com.apple.product-type.tool";
		};
/* End PBXNativeTarget section */

/* Begin PBXProject section */
		2406BA1C124FAD6A00566522 /* Project object */ = {
			isa = PBXProject;
			attributes = {
				ORGANIZATIONNAME = "Daniel Tull";
			};
			buildConfigurationList = 2406BA1F124FAD6A00566522 /* Build configuration list for PBXProject "DCTFoundation" */;
			compatibilityVersion = "Xcode 3.2";
			developmentRegion = English;
			hasScannedForEncodings = 0;
			knownRegions = (
				en,
			);
			mainGroup = 2406BA1A124FAD6A00566522;
			productRefGroup = 2406BA28124FAD6A00566522 /* Products */;
			projectDirPath = "";
			projectRoot = "";
			targets = (
				2406BA26124FAD6A00566522 /* DCTFoundation */,
			);
		};
/* End PBXProject section */

/* Begin PBXSourcesBuildPhase section */
		2406BA23124FAD6A00566522 /* Sources */ = {
			isa = PBXSourcesBuildPhase;
			buildActionMask = 2147483647;
			files = (
				2406BA3D124FADB500566522 /* main.m in Sources */,
				2411000012BE1DD30048A05B /* DCTBlock.m in Sources */,
				2411000212BE1DD30048A05B /* DCTObservationInfo.m in Sources */,
				2411000312BE1DD30048A05B /* DCTQueue.m in Sources */,
				2411000412BE1DD30048A05B /* DCTStack.m in Sources */,
				2411000512BE1DD30048A05B /* NSArray+DCTExtras.m in Sources */,
				2411000612BE1DD30048A05B /* NSDate+DCTDateComponents.m in Sources */,
				2411000712BE1DD30048A05B /* NSDictionary+DCTExtras.m in Sources */,
				2411000812BE1DD30048A05B /* NSError+DCTExtensions.m in Sources */,
				2411000912BE1DD30048A05B /* NSMutableArray+DCTExtras.m in Sources */,
				2411000A12BE1DD30048A05B /* NSMutableSet+DCTExtras.m in Sources */,
				2411000B12BE1DD30048A05B /* NSObject+DCTKVOExtras.m in Sources */,
				2411000C12BE1DD30048A05B /* NSObject+DCTPerformSelector.m in Sources */,
			);
			runOnlyForDeploymentPostprocessing = 0;
		};
/* End PBXSourcesBuildPhase section */

/* Begin XCBuildConfiguration section */
		2406BA32124FAD6A00566522 /* Debug */ = {
			isa = XCBuildConfiguration;
			buildSettings = {
				ARCHS = "$(ARCHS_STANDARD_32_64_BIT)";
				GCC_C_LANGUAGE_STANDARD = gnu99;
				GCC_OPTIMIZATION_LEVEL = 0;
				GCC_PREPROCESSOR_DEFINITIONS = DEBUG;
				GCC_VERSION = com.apple.compilers.llvm.clang.1_0;
				GCC_WARN_ABOUT_RETURN_TYPE = YES;
				GCC_WARN_UNUSED_VARIABLE = YES;
				MACOSX_DEPLOYMENT_TARGET = 10.6;
				ONLY_ACTIVE_ARCH = YES;
				PREBINDING = NO;
				SDKROOT = macosx10.6;
			};
			name = Debug;
		};
		2406BA33124FAD6A00566522 /* Release */ = {
			isa = XCBuildConfiguration;
			buildSettings = {
				ARCHS = "$(ARCHS_STANDARD_32_64_BIT)";
				GCC_C_LANGUAGE_STANDARD = gnu99;
				GCC_VERSION = com.apple.compilers.llvm.clang.1_0;
				GCC_WARN_ABOUT_RETURN_TYPE = YES;
				GCC_WARN_UNUSED_VARIABLE = YES;
				MACOSX_DEPLOYMENT_TARGET = 10.6;
				PREBINDING = NO;
				SDKROOT = macosx10.6;
			};
			name = Release;
		};
		2406BA35124FAD6A00566522 /* Debug */ = {
			isa = XCBuildConfiguration;
			buildSettings = {
				ALWAYS_SEARCH_USER_PATHS = NO;
				COPY_PHASE_STRIP = NO;
				GCC_DYNAMIC_NO_PIC = NO;
				GCC_ENABLE_OBJC_EXCEPTIONS = YES;
				GCC_MODEL_TUNING = G5;
				GCC_PRECOMPILE_PREFIX_HEADER = YES;
				GCC_PREFIX_HEADER = DCTFoundation_Prefix.pch;
				INSTALL_PATH = /usr/local/bin;
				PRODUCT_NAME = DCTFoundation;
			};
			name = Debug;
		};
		2406BA36124FAD6A00566522 /* Release */ = {
			isa = XCBuildConfiguration;
			buildSettings = {
				ALWAYS_SEARCH_USER_PATHS = NO;
				COPY_PHASE_STRIP = YES;
				DEBUG_INFORMATION_FORMAT = "dwarf-with-dsym";
				GCC_ENABLE_OBJC_EXCEPTIONS = YES;
				GCC_MODEL_TUNING = G5;
				GCC_PRECOMPILE_PREFIX_HEADER = YES;
				GCC_PREFIX_HEADER = DCTFoundation_Prefix.pch;
				INSTALL_PATH = /usr/local/bin;
				PRODUCT_NAME = DCTFoundation;
			};
			name = Release;
		};
/* End XCBuildConfiguration section */

/* Begin XCConfigurationList section */
		2406BA1F124FAD6A00566522 /* Build configuration list for PBXProject "DCTFoundation" */ = {
			isa = XCConfigurationList;
			buildConfigurations = (
				2406BA32124FAD6A00566522 /* Debug */,
				2406BA33124FAD6A00566522 /* Release */,
			);
			defaultConfigurationIsVisible = 0;
			defaultConfigurationName = Release;
		};
		2406BA34124FAD6A00566522 /* Build configuration list for PBXNativeTarget "DCTFoundation" */ = {
			isa = XCConfigurationList;
			buildConfigurations = (
				2406BA35124FAD6A00566522 /* Debug */,
				2406BA36124FAD6A00566522 /* Release */,
			);
			defaultConfigurationIsVisible = 0;
			defaultConfigurationName = Release;
		};
/* End XCConfigurationList section */
	};
	rootObject = 2406BA1C124FAD6A00566522 /* Project object */;
}
