// !$*UTF8*$!
{
	archiveVersion = 1;
	classes = {
	};
	objectVersion = 46;
	objects = {

/* Begin PBXBuildFile section */
		2406BA2C124FAD6A00566522 /* Foundation.framework in Frameworks */ = {isa = PBXBuildFile; fileRef = 2406BA2B124FAD6A00566522 /* Foundation.framework */; };
		2406BA3D124FADB500566522 /* main.m in Sources */ = {isa = PBXBuildFile; fileRef = 2406BA3C124FADB500566522 /* main.m */; };
		244DAEBC12522ADE00A7255B /* DCTQueue.m in Sources */ = {isa = PBXBuildFile; fileRef = 244DAEBB12522ADE00A7255B /* DCTQueue.m */; };
		244DAECD12522C2D00A7255B /* DCTStack.m in Sources */ = {isa = PBXBuildFile; fileRef = 244DAECC12522C2D00A7255B /* DCTStack.m */; };
		244DAED112522CE400A7255B /* NSArray+DCTExtras.m in Sources */ = {isa = PBXBuildFile; fileRef = 244DAED012522CE400A7255B /* NSArray+DCTExtras.m */; };
		244DAED712522DED00A7255B /* NSDate+DCTDateComponents.m in Sources */ = {isa = PBXBuildFile; fileRef = 244DAED612522DED00A7255B /* NSDate+DCTDateComponents.m */; };
		249EA1D512527DFB0043BC85 /* NSObject+DCTPropertyClearup.m in Sources */ = {isa = PBXBuildFile; fileRef = 249EA1D412527DFB0043BC85 /* NSObject+DCTPropertyClearup.m */; };
		249EA1E1125285BC0043BC85 /* TestClass.m in Sources */ = {isa = PBXBuildFile; fileRef = 249EA1E0125285BC0043BC85 /* TestClass.m */; };
		249EA1F0125287A20043BC85 /* TestSubclass.m in Sources */ = {isa = PBXBuildFile; fileRef = 249EA1EF125287A20043BC85 /* TestSubclass.m */; };
/* End PBXBuildFile section */

/* Begin PBXCopyFilesBuildPhase section */
		2406BA25124FAD6A00566522 /* CopyFiles */ = {
			isa = PBXCopyFilesBuildPhase;
			buildActionMask = 2147483647;
			dstPath = /usr/share/man/man1/;
			dstSubfolderSpec = 0;
			files = (
			);
			runOnlyForDeploymentPostprocessing = 1;
		};
/* End PBXCopyFilesBuildPhase section */

/* Begin PBXFileReference section */
		2406BA27124FAD6A00566522 /* DCTFoundation */ = {isa = PBXFileReference; explicitFileType = "compiled.mach-o.executable"; includeInIndex = 0; path = DCTFoundation; sourceTree = BUILT_PRODUCTS_DIR; };
		2406BA2B124FAD6A00566522 /* Foundation.framework */ = {isa = PBXFileReference; lastKnownFileType = wrapper.framework; name = Foundation.framework; path = System/Library/Frameworks/Foundation.framework; sourceTree = SDKROOT; };
		2406BA31124FAD6A00566522 /* DCTFoundation_Prefix.pch */ = {isa = PBXFileReference; lastKnownFileType = sourcecode.c.h; path = DCTFoundation_Prefix.pch; sourceTree = "<group>"; };
		2406BA3C124FADB500566522 /* main.m */ = {isa = PBXFileReference; fileEncoding = 4; lastKnownFileType = sourcecode.c.objc; path = main.m; sourceTree = SOURCE_ROOT; };
		244DAEBA12522ADE00A7255B /* DCTQueue.h */ = {isa = PBXFileReference; fileEncoding = 4; lastKnownFileType = sourcecode.c.h; path = DCTQueue.h; sourceTree = "<group>"; };
		244DAEBB12522ADE00A7255B /* DCTQueue.m */ = {isa = PBXFileReference; fileEncoding = 4; lastKnownFileType = sourcecode.c.objc; path = DCTQueue.m; sourceTree = "<group>"; };
		244DAECB12522C2D00A7255B /* DCTStack.h */ = {isa = PBXFileReference; fileEncoding = 4; lastKnownFileType = sourcecode.c.h; path = DCTStack.h; sourceTree = "<group>"; };
		244DAECC12522C2D00A7255B /* DCTStack.m */ = {isa = PBXFileReference; fileEncoding = 4; lastKnownFileType = sourcecode.c.objc; path = DCTStack.m; sourceTree = "<group>"; };
		244DAECF12522CE400A7255B /* NSArray+DCTExtras.h */ = {isa = PBXFileReference; fileEncoding = 4; lastKnownFileType = sourcecode.c.h; path = "NSArray+DCTExtras.h"; sourceTree = "<group>"; };
		244DAED012522CE400A7255B /* NSArray+DCTExtras.m */ = {isa = PBXFileReference; fileEncoding = 4; lastKnownFileType = sourcecode.c.objc; path = "NSArray+DCTExtras.m"; sourceTree = "<group>"; };
		244DAED512522DED00A7255B /* NSDate+DCTDateComponents.h */ = {isa = PBXFileReference; fileEncoding = 4; lastKnownFileType = sourcecode.c.h; path = "NSDate+DCTDateComponents.h"; sourceTree = "<group>"; };
		244DAED612522DED00A7255B /* NSDate+DCTDateComponents.m */ = {isa = PBXFileReference; fileEncoding = 4; lastKnownFileType = sourcecode.c.objc; path = "NSDate+DCTDateComponents.m"; sourceTree = "<group>"; };
		249EA1D312527DFB0043BC85 /* NSObject+DCTPropertyClearup.h */ = {isa = PBXFileReference; fileEncoding = 4; lastKnownFileType = sourcecode.c.h; path = "NSObject+DCTPropertyClearup.h"; sourceTree = "<group>"; };
		249EA1D412527DFB0043BC85 /* NSObject+DCTPropertyClearup.m */ = {isa = PBXFileReference; fileEncoding = 4; lastKnownFileType = sourcecode.c.objc; path = "NSObject+DCTPropertyClearup.m"; sourceTree = "<group>"; };
		249EA1DF125285BC0043BC85 /* TestClass.h */ = {isa = PBXFileReference; fileEncoding = 4; lastKnownFileType = sourcecode.c.h; path = TestClass.h; sourceTree = SOURCE_ROOT; };
		249EA1E0125285BC0043BC85 /* TestClass.m */ = {isa = PBXFileReference; fileEncoding = 4; lastKnownFileType = sourcecode.c.objc; path = TestClass.m; sourceTree = SOURCE_ROOT; };
		249EA1EE125287A20043BC85 /* TestSubclass.h */ = {isa = PBXFileReference; fileEncoding = 4; lastKnownFileType = sourcecode.c.h; path = TestSubclass.h; sourceTree = SOURCE_ROOT; };
		249EA1EF125287A20043BC85 /* TestSubclass.m */ = {isa = PBXFileReference; fileEncoding = 4; lastKnownFileType = sourcecode.c.objc; path = TestSubclass.m; sourceTree = SOURCE_ROOT; };
/* End PBXFileReference section */

/* Begin PBXFrameworksBuildPhase section */
		2406BA24124FAD6A00566522 /* Frameworks */ = {
			isa = PBXFrameworksBuildPhase;
			buildActionMask = 2147483647;
			files = (
				2406BA2C124FAD6A00566522 /* Foundation.framework in Frameworks */,
			);
			runOnlyForDeploymentPostprocessing = 0;
		};
/* End PBXFrameworksBuildPhase section */

/* Begin PBXGroup section */
		2406BA1A124FAD6A00566522 = {
			isa = PBXGroup;
			children = (
				2406BA3F124FADD500566522 /* DCTFoundation */,
				2406BA21124FAD6A00566522 /* Source */,
				2406BA28124FAD6A00566522 /* Products */,
				2406BA2A124FAD6A00566522 /* Frameworks */,
				2406BA30124FAD6A00566522 /* Other Sources */,
			);
			sourceTree = "<group>";
		};
		2406BA21124FAD6A00566522 /* Source */ = {
			isa = PBXGroup;
			children = (
				249EA1DF125285BC0043BC85 /* TestClass.h */,
				249EA1E0125285BC0043BC85 /* TestClass.m */,
				249EA1EE125287A20043BC85 /* TestSubclass.h */,
				249EA1EF125287A20043BC85 /* TestSubclass.m */,
				2406BA3C124FADB500566522 /* main.m */,
			);
			path = Source;
			sourceTree = "<group>";
		};
		2406BA28124FAD6A00566522 /* Products */ = {
			isa = PBXGroup;
			children = (
				2406BA27124FAD6A00566522 /* DCTFoundation */,
			);
			name = Products;
			sourceTree = "<group>";
		};
		2406BA2A124FAD6A00566522 /* Frameworks */ = {
			isa = PBXGroup;
			children = (
				2406BA2B124FAD6A00566522 /* Foundation.framework */,
			);
			name = Frameworks;
			sourceTree = "<group>";
		};
		2406BA30124FAD6A00566522 /* Other Sources */ = {
			isa = PBXGroup;
			children = (
				2406BA31124FAD6A00566522 /* DCTFoundation_Prefix.pch */,
			);
			name = "Other Sources";
			sourceTree = "<group>";
		};
		2406BA3F124FADD500566522 /* DCTFoundation */ = {
			isa = PBXGroup;
			children = (
				244DAEBA12522ADE00A7255B /* DCTQueue.h */,
				244DAEBB12522ADE00A7255B /* DCTQueue.m */,
				244DAECB12522C2D00A7255B /* DCTStack.h */,
				244DAECC12522C2D00A7255B /* DCTStack.m */,
				244DAECF12522CE400A7255B /* NSArray+DCTExtras.h */,
				244DAED012522CE400A7255B /* NSArray+DCTExtras.m */,
				244DAED512522DED00A7255B /* NSDate+DCTDateComponents.h */,
				244DAED612522DED00A7255B /* NSDate+DCTDateComponents.m */,
				249EA1D312527DFB0043BC85 /* NSObject+DCTPropertyClearup.h */,
				249EA1D412527DFB0043BC85 /* NSObject+DCTPropertyClearup.m */,
			);
			path = DCTFoundation;
			sourceTree = "<group>";
		};
/* End PBXGroup section */

/* Begin PBXNativeTarget section */
		2406BA26124FAD6A00566522 /* DCTFoundation */ = {
			isa = PBXNativeTarget;
			buildConfigurationList = 2406BA34124FAD6A00566522 /* Build configuration list for PBXNativeTarget "DCTFoundation" */;
			buildPhases = (
				2406BA23124FAD6A00566522 /* Sources */,
				2406BA24124FAD6A00566522 /* Frameworks */,
				2406BA25124FAD6A00566522 /* CopyFiles */,
			);
			buildRules = (
			);
			dependencies = (
			);
			name = DCTFoundation;
			productName = DCTFoundation;
			productReference = 2406BA27124FAD6A00566522 /* DCTFoundation */;
			productType = "com.apple.product-type.tool";
		};
/* End PBXNativeTarget section */

/* Begin PBXProject section */
		2406BA1C124FAD6A00566522 /* Project object */ = {
			isa = PBXProject;
			attributes = {
				ORGANIZATIONNAME = "Daniel Tull";
			};
			buildConfigurationList = 2406BA1F124FAD6A00566522 /* Build configuration list for PBXProject "DCTFoundation" */;
			compatibilityVersion = "Xcode 3.2";
			developmentRegion = English;
			hasScannedForEncodings = 0;
			knownRegions = (
				en,
			);
			mainGroup = 2406BA1A124FAD6A00566522;
			productRefGroup = 2406BA28124FAD6A00566522 /* Products */;
			projectDirPath = "";
			projectRoot = "";
			targets = (
				2406BA26124FAD6A00566522 /* DCTFoundation */,
			);
		};
/* End PBXProject section */

/* Begin PBXSourcesBuildPhase section */
		2406BA23124FAD6A00566522 /* Sources */ = {
			isa = PBXSourcesBuildPhase;
			buildActionMask = 2147483647;
			files = (
				2406BA3D124FADB500566522 /* main.m in Sources */,
				244DAEBC12522ADE00A7255B /* DCTQueue.m in Sources */,
				244DAECD12522C2D00A7255B /* DCTStack.m in Sources */,
				244DAED112522CE400A7255B /* NSArray+DCTExtras.m in Sources */,
				244DAED712522DED00A7255B /* NSDate+DCTDateComponents.m in Sources */,
				249EA1D512527DFB0043BC85 /* NSObject+DCTPropertyClearup.m in Sources */,
				249EA1E1125285BC0043BC85 /* TestClass.m in Sources */,
				249EA1F0125287A20043BC85 /* TestSubclass.m in Sources */,
			);
			runOnlyForDeploymentPostprocessing = 0;
		};
/* End PBXSourcesBuildPhase section */

/* Begin XCBuildConfiguration section */
		2406BA32124FAD6A00566522 /* Debug */ = {
			isa = XCBuildConfiguration;
			buildSettings = {
				ARCHS = "$(ARCHS_STANDARD_32_64_BIT)";
				GCC_C_LANGUAGE_STANDARD = gnu99;
				GCC_OPTIMIZATION_LEVEL = 0;
				GCC_PREPROCESSOR_DEFINITIONS = DEBUG;
				GCC_VERSION = com.apple.compilers.llvm.clang.1_0;
				GCC_WARN_ABOUT_RETURN_TYPE = YES;
				GCC_WARN_UNUSED_VARIABLE = YES;
				MACOSX_DEPLOYMENT_TARGET = 10.6;
				ONLY_ACTIVE_ARCH = YES;
				PREBINDING = NO;
				SDKROOT = macosx10.6;
			};
			name = Debug;
		};
		2406BA33124FAD6A00566522 /* Release */ = {
			isa = XCBuildConfiguration;
			buildSettings = {
				ARCHS = "$(ARCHS_STANDARD_32_64_BIT)";
				GCC_C_LANGUAGE_STANDARD = gnu99;
				GCC_VERSION = com.apple.compilers.llvm.clang.1_0;
				GCC_WARN_ABOUT_RETURN_TYPE = YES;
				GCC_WARN_UNUSED_VARIABLE = YES;
				MACOSX_DEPLOYMENT_TARGET = 10.6;
				PREBINDING = NO;
				SDKROOT = macosx10.6;
			};
			name = Release;
		};
		2406BA35124FAD6A00566522 /* Debug */ = {
			isa = XCBuildConfiguration;
			buildSettings = {
				ALWAYS_SEARCH_USER_PATHS = NO;
				COPY_PHASE_STRIP = NO;
				GCC_DYNAMIC_NO_PIC = NO;
				GCC_ENABLE_OBJC_EXCEPTIONS = YES;
				GCC_MODEL_TUNING = G5;
				GCC_PRECOMPILE_PREFIX_HEADER = YES;
				GCC_PREFIX_HEADER = DCTFoundation_Prefix.pch;
				INSTALL_PATH = /usr/local/bin;
				PRODUCT_NAME = DCTFoundation;
			};
			name = Debug;
		};
		2406BA36124FAD6A00566522 /* Release */ = {
			isa = XCBuildConfiguration;
			buildSettings = {
				ALWAYS_SEARCH_USER_PATHS = NO;
				COPY_PHASE_STRIP = YES;
				DEBUG_INFORMATION_FORMAT = "dwarf-with-dsym";
				GCC_ENABLE_OBJC_EXCEPTIONS = YES;
				GCC_MODEL_TUNING = G5;
				GCC_PRECOMPILE_PREFIX_HEADER = YES;
				GCC_PREFIX_HEADER = DCTFoundation_Prefix.pch;
				INSTALL_PATH = /usr/local/bin;
				PRODUCT_NAME = DCTFoundation;
			};
			name = Release;
		};
/* End XCBuildConfiguration section */

/* Begin XCConfigurationList section */
		2406BA1F124FAD6A00566522 /* Build configuration list for PBXProject "DCTFoundation" */ = {
			isa = XCConfigurationList;
			buildConfigurations = (
				2406BA32124FAD6A00566522 /* Debug */,
				2406BA33124FAD6A00566522 /* Release */,
			);
			defaultConfigurationIsVisible = 0;
			defaultConfigurationName = Release;
		};
		2406BA34124FAD6A00566522 /* Build configuration list for PBXNativeTarget "DCTFoundation" */ = {
			isa = XCConfigurationList;
			buildConfigurations = (
				2406BA35124FAD6A00566522 /* Debug */,
				2406BA36124FAD6A00566522 /* Release */,
			);
			defaultConfigurationIsVisible = 0;
			defaultConfigurationName = Release;
		};
/* End XCConfigurationList section */
	};
	rootObject = 2406BA1C124FAD6A00566522 /* Project object */;
}
