// !$*UTF8*$!
{
	archiveVersion = 1;
	classes = {
	};
	objectVersion = 46;
	objects = {

/* Begin PBXBuildFile section */
		24627D141348AE58008C9E99 /* DCTBlock.h in Headers */ = {isa = PBXBuildFile; fileRef = 24627CFC1348AE58008C9E99 /* DCTBlock.h */; };
		24627D151348AE58008C9E99 /* DCTBlock.m in Sources */ = {isa = PBXBuildFile; fileRef = 24627CFD1348AE58008C9E99 /* DCTBlock.m */; };
		24627D161348AE58008C9E99 /* DCTBlock.m in Sources */ = {isa = PBXBuildFile; fileRef = 24627CFD1348AE58008C9E99 /* DCTBlock.m */; };
		24627D171348AE58008C9E99 /* DCTObservationInfo.h in Headers */ = {isa = PBXBuildFile; fileRef = 24627CFE1348AE58008C9E99 /* DCTObservationInfo.h */; };
		24627D181348AE58008C9E99 /* DCTObservationInfo.m in Sources */ = {isa = PBXBuildFile; fileRef = 24627CFF1348AE58008C9E99 /* DCTObservationInfo.m */; };
		24627D191348AE58008C9E99 /* DCTObservationInfo.m in Sources */ = {isa = PBXBuildFile; fileRef = 24627CFF1348AE58008C9E99 /* DCTObservationInfo.m */; };
		24627D1A1348AE58008C9E99 /* DCTQueue.h in Headers */ = {isa = PBXBuildFile; fileRef = 24627D001348AE58008C9E99 /* DCTQueue.h */; };
		24627D1B1348AE58008C9E99 /* DCTQueue.m in Sources */ = {isa = PBXBuildFile; fileRef = 24627D011348AE58008C9E99 /* DCTQueue.m */; };
		24627D1C1348AE58008C9E99 /* DCTQueue.m in Sources */ = {isa = PBXBuildFile; fileRef = 24627D011348AE58008C9E99 /* DCTQueue.m */; };
		24627D1D1348AE58008C9E99 /* DCTStack.h in Headers */ = {isa = PBXBuildFile; fileRef = 24627D021348AE58008C9E99 /* DCTStack.h */; };
		24627D1E1348AE58008C9E99 /* DCTStack.m in Sources */ = {isa = PBXBuildFile; fileRef = 24627D031348AE58008C9E99 /* DCTStack.m */; };
		24627D1F1348AE58008C9E99 /* DCTStack.m in Sources */ = {isa = PBXBuildFile; fileRef = 24627D031348AE58008C9E99 /* DCTStack.m */; };
		24627D201348AE58008C9E99 /* NSArray+DCTExtras.h in Headers */ = {isa = PBXBuildFile; fileRef = 24627D041348AE58008C9E99 /* NSArray+DCTExtras.h */; };
		24627D211348AE58008C9E99 /* NSArray+DCTExtras.m in Sources */ = {isa = PBXBuildFile; fileRef = 24627D051348AE58008C9E99 /* NSArray+DCTExtras.m */; };
		24627D221348AE58008C9E99 /* NSArray+DCTExtras.m in Sources */ = {isa = PBXBuildFile; fileRef = 24627D051348AE58008C9E99 /* NSArray+DCTExtras.m */; };
		24627D231348AE58008C9E99 /* NSDate+DCTDateComponents.h in Headers */ = {isa = PBXBuildFile; fileRef = 24627D061348AE58008C9E99 /* NSDate+DCTDateComponents.h */; };
		24627D241348AE58008C9E99 /* NSDate+DCTDateComponents.m in Sources */ = {isa = PBXBuildFile; fileRef = 24627D071348AE58008C9E99 /* NSDate+DCTDateComponents.m */; };
		24627D251348AE58008C9E99 /* NSDate+DCTDateComponents.m in Sources */ = {isa = PBXBuildFile; fileRef = 24627D071348AE58008C9E99 /* NSDate+DCTDateComponents.m */; };
		24627D261348AE58008C9E99 /* NSDictionary+DCTExtras.h in Headers */ = {isa = PBXBuildFile; fileRef = 24627D081348AE58008C9E99 /* NSDictionary+DCTExtras.h */; };
		24627D271348AE58008C9E99 /* NSDictionary+DCTExtras.m in Sources */ = {isa = PBXBuildFile; fileRef = 24627D091348AE58008C9E99 /* NSDictionary+DCTExtras.m */; };
		24627D281348AE58008C9E99 /* NSDictionary+DCTExtras.m in Sources */ = {isa = PBXBuildFile; fileRef = 24627D091348AE58008C9E99 /* NSDictionary+DCTExtras.m */; };
		24627D291348AE58008C9E99 /* NSError+DCTExtensions.h in Headers */ = {isa = PBXBuildFile; fileRef = 24627D0A1348AE58008C9E99 /* NSError+DCTExtensions.h */; };
		24627D2A1348AE58008C9E99 /* NSError+DCTExtensions.m in Sources */ = {isa = PBXBuildFile; fileRef = 24627D0B1348AE58008C9E99 /* NSError+DCTExtensions.m */; };
		24627D2B1348AE58008C9E99 /* NSError+DCTExtensions.m in Sources */ = {isa = PBXBuildFile; fileRef = 24627D0B1348AE58008C9E99 /* NSError+DCTExtensions.m */; };
		24627D2C1348AE58008C9E99 /* NSMutableArray+DCTExtras.h in Headers */ = {isa = PBXBuildFile; fileRef = 24627D0C1348AE58008C9E99 /* NSMutableArray+DCTExtras.h */; };
		24627D2D1348AE58008C9E99 /* NSMutableArray+DCTExtras.m in Sources */ = {isa = PBXBuildFile; fileRef = 24627D0D1348AE58008C9E99 /* NSMutableArray+DCTExtras.m */; };
		24627D2E1348AE58008C9E99 /* NSMutableArray+DCTExtras.m in Sources */ = {isa = PBXBuildFile; fileRef = 24627D0D1348AE58008C9E99 /* NSMutableArray+DCTExtras.m */; };
		24627D2F1348AE58008C9E99 /* NSMutableSet+DCTExtras.h in Headers */ = {isa = PBXBuildFile; fileRef = 24627D0E1348AE58008C9E99 /* NSMutableSet+DCTExtras.h */; };
		24627D301348AE58008C9E99 /* NSMutableSet+DCTExtras.m in Sources */ = {isa = PBXBuildFile; fileRef = 24627D0F1348AE58008C9E99 /* NSMutableSet+DCTExtras.m */; };
		24627D311348AE58008C9E99 /* NSMutableSet+DCTExtras.m in Sources */ = {isa = PBXBuildFile; fileRef = 24627D0F1348AE58008C9E99 /* NSMutableSet+DCTExtras.m */; };
		24627D321348AE58008C9E99 /* NSObject+DCTKVOExtras.h in Headers */ = {isa = PBXBuildFile; fileRef = 24627D101348AE58008C9E99 /* NSObject+DCTKVOExtras.h */; };
		24627D331348AE58008C9E99 /* NSObject+DCTKVOExtras.m in Sources */ = {isa = PBXBuildFile; fileRef = 24627D111348AE58008C9E99 /* NSObject+DCTKVOExtras.m */; };
		24627D341348AE58008C9E99 /* NSObject+DCTKVOExtras.m in Sources */ = {isa = PBXBuildFile; fileRef = 24627D111348AE58008C9E99 /* NSObject+DCTKVOExtras.m */; };
		24627D351348AE58008C9E99 /* NSObject+DCTPerformSelector.h in Headers */ = {isa = PBXBuildFile; fileRef = 24627D121348AE58008C9E99 /* NSObject+DCTPerformSelector.h */; };
		24627D361348AE58008C9E99 /* NSObject+DCTPerformSelector.m in Sources */ = {isa = PBXBuildFile; fileRef = 24627D131348AE58008C9E99 /* NSObject+DCTPerformSelector.m */; };
		24627D371348AE58008C9E99 /* NSObject+DCTPerformSelector.m in Sources */ = {isa = PBXBuildFile; fileRef = 24627D131348AE58008C9E99 /* NSObject+DCTPerformSelector.m */; };
		24C46E7D1348AE1500758AE8 /* Foundation.framework in Frameworks */ = {isa = PBXBuildFile; fileRef = 24C46E7C1348AE1500758AE8 /* Foundation.framework */; };
		24C46E881348AE1500758AE8 /* UIKit.framework in Frameworks */ = {isa = PBXBuildFile; fileRef = 24C46E871348AE1500758AE8 /* UIKit.framework */; };
		24C46E891348AE1500758AE8 /* Foundation.framework in Frameworks */ = {isa = PBXBuildFile; fileRef = 24C46E7C1348AE1500758AE8 /* Foundation.framework */; };
		24C46E8B1348AE1500758AE8 /* CoreGraphics.framework in Frameworks */ = {isa = PBXBuildFile; fileRef = 24C46E8A1348AE1500758AE8 /* CoreGraphics.framework */; };
		24C46E8E1348AE1500758AE8 /* libDCTFoundation.a in Frameworks */ = {isa = PBXBuildFile; fileRef = 24C46E791348AE1500758AE8 /* libDCTFoundation.a */; };
		24C46E941348AE1500758AE8 /* InfoPlist.strings in Resources */ = {isa = PBXBuildFile; fileRef = 24C46E921348AE1500758AE8 /* InfoPlist.strings */; };
		24C46E971348AE1500758AE8 /* DCTFoundationTests.h in Resources */ = {isa = PBXBuildFile; fileRef = 24C46E961348AE1500758AE8 /* DCTFoundationTests.h */; };
		24C46E991348AE1500758AE8 /* DCTFoundationTests.m in Sources */ = {isa = PBXBuildFile; fileRef = 24C46E981348AE1500758AE8 /* DCTFoundationTests.m */; };
/* End PBXBuildFile section */

/* Begin PBXContainerItemProxy section */
		24C46E8C1348AE1500758AE8 /* PBXContainerItemProxy */ = {
			isa = PBXContainerItemProxy;
			containerPortal = 24C46E701348AE1500758AE8 /* Project object */;
			proxyType = 1;
			remoteGlobalIDString = 24C46E781348AE1500758AE8;
			remoteInfo = DCTFoundation;
		};
/* End PBXContainerItemProxy section */

/* Begin PBXFileReference section */
		24627CFC1348AE58008C9E99 /* DCTBlock.h */ = {isa = PBXFileReference; fileEncoding = 4; lastKnownFileType = sourcecode.c.h; path = DCTBlock.h; sourceTree = "<group>"; };
		24627CFD1348AE58008C9E99 /* DCTBlock.m */ = {isa = PBXFileReference; fileEncoding = 4; lastKnownFileType = sourcecode.c.objc; path = DCTBlock.m; sourceTree = "<group>"; };
		24627CFE1348AE58008C9E99 /* DCTObservationInfo.h */ = {isa = PBXFileReference; fileEncoding = 4; lastKnownFileType = sourcecode.c.h; path = DCTObservationInfo.h; sourceTree = "<group>"; };
		24627CFF1348AE58008C9E99 /* DCTObservationInfo.m */ = {isa = PBXFileReference; fileEncoding = 4; lastKnownFileType = sourcecode.c.objc; path = DCTObservationInfo.m; sourceTree = "<group>"; };
		24627D001348AE58008C9E99 /* DCTQueue.h */ = {isa = PBXFileReference; fileEncoding = 4; lastKnownFileType = sourcecode.c.h; path = DCTQueue.h; sourceTree = "<group>"; };
		24627D011348AE58008C9E99 /* DCTQueue.m */ = {isa = PBXFileReference; fileEncoding = 4; lastKnownFileType = sourcecode.c.objc; path = DCTQueue.m; sourceTree = "<group>"; };
		24627D021348AE58008C9E99 /* DCTStack.h */ = {isa = PBXFileReference; fileEncoding = 4; lastKnownFileType = sourcecode.c.h; path = DCTStack.h; sourceTree = "<group>"; };
		24627D031348AE58008C9E99 /* DCTStack.m */ = {isa = PBXFileReference; fileEncoding = 4; lastKnownFileType = sourcecode.c.objc; path = DCTStack.m; sourceTree = "<group>"; };
		24627D041348AE58008C9E99 /* NSArray+DCTExtras.h */ = {isa = PBXFileReference; fileEncoding = 4; lastKnownFileType = sourcecode.c.h; path = "NSArray+DCTExtras.h"; sourceTree = "<group>"; };
		24627D051348AE58008C9E99 /* NSArray+DCTExtras.m */ = {isa = PBXFileReference; fileEncoding = 4; lastKnownFileType = sourcecode.c.objc; path = "NSArray+DCTExtras.m"; sourceTree = "<group>"; };
		24627D061348AE58008C9E99 /* NSDate+DCTDateComponents.h */ = {isa = PBXFileReference; fileEncoding = 4; lastKnownFileType = sourcecode.c.h; path = "NSDate+DCTDateComponents.h"; sourceTree = "<group>"; };
		24627D071348AE58008C9E99 /* NSDate+DCTDateComponents.m */ = {isa = PBXFileReference; fileEncoding = 4; lastKnownFileType = sourcecode.c.objc; path = "NSDate+DCTDateComponents.m"; sourceTree = "<group>"; };
		24627D081348AE58008C9E99 /* NSDictionary+DCTExtras.h */ = {isa = PBXFileReference; fileEncoding = 4; lastKnownFileType = sourcecode.c.h; path = "NSDictionary+DCTExtras.h"; sourceTree = "<group>"; };
		24627D091348AE58008C9E99 /* NSDictionary+DCTExtras.m */ = {isa = PBXFileReference; fileEncoding = 4; lastKnownFileType = sourcecode.c.objc; path = "NSDictionary+DCTExtras.m"; sourceTree = "<group>"; };
		24627D0A1348AE58008C9E99 /* NSError+DCTExtensions.h */ = {isa = PBXFileReference; fileEncoding = 4; lastKnownFileType = sourcecode.c.h; path = "NSError+DCTExtensions.h"; sourceTree = "<group>"; };
		24627D0B1348AE58008C9E99 /* NSError+DCTExtensions.m */ = {isa = PBXFileReference; fileEncoding = 4; lastKnownFileType = sourcecode.c.objc; path = "NSError+DCTExtensions.m"; sourceTree = "<group>"; };
		24627D0C1348AE58008C9E99 /* NSMutableArray+DCTExtras.h */ = {isa = PBXFileReference; fileEncoding = 4; lastKnownFileType = sourcecode.c.h; path = "NSMutableArray+DCTExtras.h"; sourceTree = "<group>"; };
		24627D0D1348AE58008C9E99 /* NSMutableArray+DCTExtras.m */ = {isa = PBXFileReference; fileEncoding = 4; lastKnownFileType = sourcecode.c.objc; path = "NSMutableArray+DCTExtras.m"; sourceTree = "<group>"; };
		24627D0E1348AE58008C9E99 /* NSMutableSet+DCTExtras.h */ = {isa = PBXFileReference; fileEncoding = 4; lastKnownFileType = sourcecode.c.h; path = "NSMutableSet+DCTExtras.h"; sourceTree = "<group>"; };
		24627D0F1348AE58008C9E99 /* NSMutableSet+DCTExtras.m */ = {isa = PBXFileReference; fileEncoding = 4; lastKnownFileType = sourcecode.c.objc; path = "NSMutableSet+DCTExtras.m"; sourceTree = "<group>"; };
		24627D101348AE58008C9E99 /* NSObject+DCTKVOExtras.h */ = {isa = PBXFileReference; fileEncoding = 4; lastKnownFileType = sourcecode.c.h; path = "NSObject+DCTKVOExtras.h"; sourceTree = "<group>"; };
		24627D111348AE58008C9E99 /* NSObject+DCTKVOExtras.m */ = {isa = PBXFileReference; fileEncoding = 4; lastKnownFileType = sourcecode.c.objc; path = "NSObject+DCTKVOExtras.m"; sourceTree = "<group>"; };
		24627D121348AE58008C9E99 /* NSObject+DCTPerformSelector.h */ = {isa = PBXFileReference; fileEncoding = 4; lastKnownFileType = sourcecode.c.h; path = "NSObject+DCTPerformSelector.h"; sourceTree = "<group>"; };
		24627D131348AE58008C9E99 /* NSObject+DCTPerformSelector.m */ = {isa = PBXFileReference; fileEncoding = 4; lastKnownFileType = sourcecode.c.objc; path = "NSObject+DCTPerformSelector.m"; sourceTree = "<group>"; };
		24C46E791348AE1500758AE8 /* libDCTFoundation.a */ = {isa = PBXFileReference; explicitFileType = archive.ar; includeInIndex = 0; path = libDCTFoundation.a; sourceTree = BUILT_PRODUCTS_DIR; };
		24C46E7C1348AE1500758AE8 /* Foundation.framework */ = {isa = PBXFileReference; lastKnownFileType = wrapper.framework; name = Foundation.framework; path = System/Library/Frameworks/Foundation.framework; sourceTree = SDKROOT; };
		24C46E801348AE1500758AE8 /* DCTFoundation-Prefix.pch */ = {isa = PBXFileReference; lastKnownFileType = sourcecode.c.h; path = "DCTFoundation-Prefix.pch"; sourceTree = "<group>"; };
		24C46E861348AE1500758AE8 /* DCTFoundationTests.octest */ = {isa = PBXFileReference; explicitFileType = wrapper.cfbundle; includeInIndex = 0; path = DCTFoundationTests.octest; sourceTree = BUILT_PRODUCTS_DIR; };
		24C46E871348AE1500758AE8 /* UIKit.framework */ = {isa = PBXFileReference; lastKnownFileType = wrapper.framework; name = UIKit.framework; path = System/Library/Frameworks/UIKit.framework; sourceTree = SDKROOT; };
		24C46E8A1348AE1500758AE8 /* CoreGraphics.framework */ = {isa = PBXFileReference; lastKnownFileType = wrapper.framework; name = CoreGraphics.framework; path = System/Library/Frameworks/CoreGraphics.framework; sourceTree = SDKROOT; };
		24C46E911348AE1500758AE8 /* DCTFoundationTests-Info.plist */ = {isa = PBXFileReference; lastKnownFileType = text.plist.xml; path = "DCTFoundationTests-Info.plist"; sourceTree = "<group>"; };
		24C46E931348AE1500758AE8 /* en */ = {isa = PBXFileReference; lastKnownFileType = text.plist.strings; name = en; path = en.lproj/InfoPlist.strings; sourceTree = "<group>"; };
		24C46E951348AE1500758AE8 /* DCTFoundationTests-Prefix.pch */ = {isa = PBXFileReference; lastKnownFileType = sourcecode.c.h; path = "DCTFoundationTests-Prefix.pch"; sourceTree = "<group>"; };
		24C46E961348AE1500758AE8 /* DCTFoundationTests.h */ = {isa = PBXFileReference; lastKnownFileType = sourcecode.c.h; path = DCTFoundationTests.h; sourceTree = "<group>"; };
		24C46E981348AE1500758AE8 /* DCTFoundationTests.m */ = {isa = PBXFileReference; lastKnownFileType = sourcecode.c.objc; path = DCTFoundationTests.m; sourceTree = "<group>"; };
/* End PBXFileReference section */

/* Begin PBXFrameworksBuildPhase section */
		24C46E761348AE1500758AE8 /* Frameworks */ = {
			isa = PBXFrameworksBuildPhase;
			buildActionMask = 2147483647;
			files = (
				24C46E7D1348AE1500758AE8 /* Foundation.framework in Frameworks */,
			);
			runOnlyForDeploymentPostprocessing = 0;
		};
		24C46E821348AE1500758AE8 /* Frameworks */ = {
			isa = PBXFrameworksBuildPhase;
			buildActionMask = 2147483647;
			files = (
				24C46E881348AE1500758AE8 /* UIKit.framework in Frameworks */,
				24C46E891348AE1500758AE8 /* Foundation.framework in Frameworks */,
				24C46E8B1348AE1500758AE8 /* CoreGraphics.framework in Frameworks */,
				24C46E8E1348AE1500758AE8 /* libDCTFoundation.a in Frameworks */,
			);
			runOnlyForDeploymentPostprocessing = 0;
		};
/* End PBXFrameworksBuildPhase section */

/* Begin PBXGroup section */
		24C46E6E1348AE1500758AE8 = {
			isa = PBXGroup;
			children = (
				24627CFC1348AE58008C9E99 /* DCTBlock.h */,
				24627CFD1348AE58008C9E99 /* DCTBlock.m */,
				24627CFE1348AE58008C9E99 /* DCTObservationInfo.h */,
				24627CFF1348AE58008C9E99 /* DCTObservationInfo.m */,
				24627D001348AE58008C9E99 /* DCTQueue.h */,
				24627D011348AE58008C9E99 /* DCTQueue.m */,
				24627D021348AE58008C9E99 /* DCTStack.h */,
				24627D031348AE58008C9E99 /* DCTStack.m */,
				24627D041348AE58008C9E99 /* NSArray+DCTExtras.h */,
				24627D051348AE58008C9E99 /* NSArray+DCTExtras.m */,
				24627D061348AE58008C9E99 /* NSDate+DCTDateComponents.h */,
				24627D071348AE58008C9E99 /* NSDate+DCTDateComponents.m */,
				24627D081348AE58008C9E99 /* NSDictionary+DCTExtras.h */,
				24627D091348AE58008C9E99 /* NSDictionary+DCTExtras.m */,
				24627D0A1348AE58008C9E99 /* NSError+DCTExtensions.h */,
				24627D0B1348AE58008C9E99 /* NSError+DCTExtensions.m */,
				24627D0C1348AE58008C9E99 /* NSMutableArray+DCTExtras.h */,
				24627D0D1348AE58008C9E99 /* NSMutableArray+DCTExtras.m */,
				24627D0E1348AE58008C9E99 /* NSMutableSet+DCTExtras.h */,
				24627D0F1348AE58008C9E99 /* NSMutableSet+DCTExtras.m */,
				24627D101348AE58008C9E99 /* NSObject+DCTKVOExtras.h */,
				24627D111348AE58008C9E99 /* NSObject+DCTKVOExtras.m */,
				24627D121348AE58008C9E99 /* NSObject+DCTPerformSelector.h */,
				24627D131348AE58008C9E99 /* NSObject+DCTPerformSelector.m */,
				24C46E7E1348AE1500758AE8 /* DCTFoundation */,
				24C46E8F1348AE1500758AE8 /* DCTFoundationTests */,
				24C46E7B1348AE1500758AE8 /* Frameworks */,
				24C46E7A1348AE1500758AE8 /* Products */,
			);
			sourceTree = "<group>";
		};
		24C46E7A1348AE1500758AE8 /* Products */ = {
			isa = PBXGroup;
			children = (
				24C46E791348AE1500758AE8 /* libDCTFoundation.a */,
				24C46E861348AE1500758AE8 /* DCTFoundationTests.octest */,
			);
			name = Products;
			sourceTree = "<group>";
		};
		24C46E7B1348AE1500758AE8 /* Frameworks */ = {
			isa = PBXGroup;
			children = (
				24C46E7C1348AE1500758AE8 /* Foundation.framework */,
				24C46E871348AE1500758AE8 /* UIKit.framework */,
				24C46E8A1348AE1500758AE8 /* CoreGraphics.framework */,
			);
			name = Frameworks;
			sourceTree = "<group>";
		};
		24C46E7E1348AE1500758AE8 /* DCTFoundation */ = {
			isa = PBXGroup;
			children = (
				24C46E7F1348AE1500758AE8 /* Supporting Files */,
			);
			path = DCTFoundation;
			sourceTree = "<group>";
		};
		24C46E7F1348AE1500758AE8 /* Supporting Files */ = {
			isa = PBXGroup;
			children = (
				24C46E801348AE1500758AE8 /* DCTFoundation-Prefix.pch */,
			);
			name = "Supporting Files";
			sourceTree = "<group>";
		};
		24C46E8F1348AE1500758AE8 /* DCTFoundationTests */ = {
			isa = PBXGroup;
			children = (
				24C46E961348AE1500758AE8 /* DCTFoundationTests.h */,
				24C46E981348AE1500758AE8 /* DCTFoundationTests.m */,
				24C46E901348AE1500758AE8 /* Supporting Files */,
			);
			path = DCTFoundationTests;
			sourceTree = "<group>";
		};
		24C46E901348AE1500758AE8 /* Supporting Files */ = {
			isa = PBXGroup;
			children = (
				24C46E911348AE1500758AE8 /* DCTFoundationTests-Info.plist */,
				24C46E921348AE1500758AE8 /* InfoPlist.strings */,
				24C46E951348AE1500758AE8 /* DCTFoundationTests-Prefix.pch */,
			);
			name = "Supporting Files";
			sourceTree = "<group>";
		};
/* End PBXGroup section */

/* Begin PBXHeadersBuildPhase section */
		24C46E771348AE1500758AE8 /* Headers */ = {
			isa = PBXHeadersBuildPhase;
			buildActionMask = 2147483647;
			files = (
				24627D141348AE58008C9E99 /* DCTBlock.h in Headers */,
				24627D171348AE58008C9E99 /* DCTObservationInfo.h in Headers */,
				24627D1A1348AE58008C9E99 /* DCTQueue.h in Headers */,
				24627D1D1348AE58008C9E99 /* DCTStack.h in Headers */,
				24627D201348AE58008C9E99 /* NSArray+DCTExtras.h in Headers */,
				24627D231348AE58008C9E99 /* NSDate+DCTDateComponents.h in Headers */,
				24627D261348AE58008C9E99 /* NSDictionary+DCTExtras.h in Headers */,
				24627D291348AE58008C9E99 /* NSError+DCTExtensions.h in Headers */,
				24627D2C1348AE58008C9E99 /* NSMutableArray+DCTExtras.h in Headers */,
				24627D2F1348AE58008C9E99 /* NSMutableSet+DCTExtras.h in Headers */,
				24627D321348AE58008C9E99 /* NSObject+DCTKVOExtras.h in Headers */,
				24627D351348AE58008C9E99 /* NSObject+DCTPerformSelector.h in Headers */,
			);
			runOnlyForDeploymentPostprocessing = 0;
		};
/* End PBXHeadersBuildPhase section */

/* Begin PBXNativeTarget section */
		24C46E781348AE1500758AE8 /* DCTFoundation */ = {
			isa = PBXNativeTarget;
			buildConfigurationList = 24C46E9C1348AE1500758AE8 /* Build configuration list for PBXNativeTarget "DCTFoundation" */;
			buildPhases = (
				24C46E751348AE1500758AE8 /* Sources */,
				24C46E761348AE1500758AE8 /* Frameworks */,
				24C46E771348AE1500758AE8 /* Headers */,
			);
			buildRules = (
			);
			dependencies = (
			);
			name = DCTFoundation;
			productName = DCTFoundation;
			productReference = 24C46E791348AE1500758AE8 /* libDCTFoundation.a */;
			productType = "com.apple.product-type.library.static";
		};
		24C46E851348AE1500758AE8 /* DCTFoundationTests */ = {
			isa = PBXNativeTarget;
			buildConfigurationList = 24C46E9F1348AE1500758AE8 /* Build configuration list for PBXNativeTarget "DCTFoundationTests" */;
			buildPhases = (
				24C46E811348AE1500758AE8 /* Sources */,
				24C46E821348AE1500758AE8 /* Frameworks */,
				24C46E831348AE1500758AE8 /* Resources */,
				24C46E841348AE1500758AE8 /* ShellScript */,
			);
			buildRules = (
			);
			dependencies = (
				24C46E8D1348AE1500758AE8 /* PBXTargetDependency */,
			);
			name = DCTFoundationTests;
			productName = DCTFoundationTests;
			productReference = 24C46E861348AE1500758AE8 /* DCTFoundationTests.octest */;
			productType = "com.apple.product-type.bundle";
		};
/* End PBXNativeTarget section */

/* Begin PBXProject section */
		24C46E701348AE1500758AE8 /* Project object */ = {
			isa = PBXProject;
			attributes = {
				ORGANIZATIONNAME = "Daniel Tull";
			};
			buildConfigurationList = 24C46E731348AE1500758AE8 /* Build configuration list for PBXProject "DCTFoundation" */;
			compatibilityVersion = "Xcode 3.2";
			developmentRegion = English;
			hasScannedForEncodings = 0;
			knownRegions = (
				en,
			);
			mainGroup = 24C46E6E1348AE1500758AE8;
			productRefGroup = 24C46E7A1348AE1500758AE8 /* Products */;
			projectDirPath = "";
			projectRoot = "";
			targets = (
				24C46E781348AE1500758AE8 /* DCTFoundation */,
				24C46E851348AE1500758AE8 /* DCTFoundationTests */,
			);
		};
/* End PBXProject section */

/* Begin PBXResourcesBuildPhase section */
		24C46E831348AE1500758AE8 /* Resources */ = {
			isa = PBXResourcesBuildPhase;
			buildActionMask = 2147483647;
			files = (
				24C46E941348AE1500758AE8 /* InfoPlist.strings in Resources */,
				24C46E971348AE1500758AE8 /* DCTFoundationTests.h in Resources */,
			);
			runOnlyForDeploymentPostprocessing = 0;
		};
/* End PBXResourcesBuildPhase section */

/* Begin PBXShellScriptBuildPhase section */
		24C46E841348AE1500758AE8 /* ShellScript */ = {
			isa = PBXShellScriptBuildPhase;
			buildActionMask = 2147483647;
			files = (
			);
			inputPaths = (
			);
			outputPaths = (
			);
			runOnlyForDeploymentPostprocessing = 0;
			shellPath = /bin/sh;
			shellScript = "# Run the unit tests in this test bundle.\n\"${SYSTEM_DEVELOPER_DIR}/Tools/RunUnitTests\"\n";
		};
/* End PBXShellScriptBuildPhase section */

/* Begin PBXSourcesBuildPhase section */
		24C46E751348AE1500758AE8 /* Sources */ = {
			isa = PBXSourcesBuildPhase;
			buildActionMask = 2147483647;
			files = (
				24627D151348AE58008C9E99 /* DCTBlock.m in Sources */,
				24627D181348AE58008C9E99 /* DCTObservationInfo.m in Sources */,
				24627D1B1348AE58008C9E99 /* DCTQueue.m in Sources */,
				24627D1E1348AE58008C9E99 /* DCTStack.m in Sources */,
				24627D211348AE58008C9E99 /* NSArray+DCTExtras.m in Sources */,
				24627D241348AE58008C9E99 /* NSDate+DCTDateComponents.m in Sources */,
				24627D271348AE58008C9E99 /* NSDictionary+DCTExtras.m in Sources */,
				24627D2A1348AE58008C9E99 /* NSError+DCTExtensions.m in Sources */,
				24627D2D1348AE58008C9E99 /* NSMutableArray+DCTExtras.m in Sources */,
				24627D301348AE58008C9E99 /* NSMutableSet+DCTExtras.m in Sources */,
				24627D331348AE58008C9E99 /* NSObject+DCTKVOExtras.m in Sources */,
				24627D361348AE58008C9E99 /* NSObject+DCTPerformSelector.m in Sources */,
			);
			runOnlyForDeploymentPostprocessing = 0;
		};
		24C46E811348AE1500758AE8 /* Sources */ = {
			isa = PBXSourcesBuildPhase;
			buildActionMask = 2147483647;
			files = (
				24C46E991348AE1500758AE8 /* DCTFoundationTests.m in Sources */,
				24627D161348AE58008C9E99 /* DCTBlock.m in Sources */,
				24627D191348AE58008C9E99 /* DCTObservationInfo.m in Sources */,
				24627D1C1348AE58008C9E99 /* DCTQueue.m in Sources */,
				24627D1F1348AE58008C9E99 /* DCTStack.m in Sources */,
				24627D221348AE58008C9E99 /* NSArray+DCTExtras.m in Sources */,
				24627D251348AE58008C9E99 /* NSDate+DCTDateComponents.m in Sources */,
				24627D281348AE58008C9E99 /* NSDictionary+DCTExtras.m in Sources */,
				24627D2B1348AE58008C9E99 /* NSError+DCTExtensions.m in Sources */,
				24627D2E1348AE58008C9E99 /* NSMutableArray+DCTExtras.m in Sources */,
				24627D311348AE58008C9E99 /* NSMutableSet+DCTExtras.m in Sources */,
				24627D341348AE58008C9E99 /* NSObject+DCTKVOExtras.m in Sources */,
				24627D371348AE58008C9E99 /* NSObject+DCTPerformSelector.m in Sources */,
			);
			runOnlyForDeploymentPostprocessing = 0;
		};
/* End PBXSourcesBuildPhase section */

/* Begin PBXTargetDependency section */
		24C46E8D1348AE1500758AE8 /* PBXTargetDependency */ = {
			isa = PBXTargetDependency;
			target = 24C46E781348AE1500758AE8 /* DCTFoundation */;
			targetProxy = 24C46E8C1348AE1500758AE8 /* PBXContainerItemProxy */;
		};
/* End PBXTargetDependency section */

/* Begin PBXVariantGroup section */
		24C46E921348AE1500758AE8 /* InfoPlist.strings */ = {
			isa = PBXVariantGroup;
			children = (
				24C46E931348AE1500758AE8 /* en */,
			);
			name = InfoPlist.strings;
			sourceTree = "<group>";
		};
/* End PBXVariantGroup section */

/* Begin XCBuildConfiguration section */
		24C46E9A1348AE1500758AE8 /* Debug */ = {
			isa = XCBuildConfiguration;
			buildSettings = {
				ARCHS = "$(ARCHS_STANDARD_32_BIT)";
				GCC_C_LANGUAGE_STANDARD = gnu99;
				GCC_OPTIMIZATION_LEVEL = 0;
				GCC_PREPROCESSOR_DEFINITIONS = DEBUG;
				GCC_SYMBOLS_PRIVATE_EXTERN = NO;
				GCC_VERSION = com.apple.compilers.llvm.clang.1_0;
				GCC_WARN_ABOUT_RETURN_TYPE = YES;
				GCC_WARN_UNUSED_VARIABLE = YES;
				IPHONEOS_DEPLOYMENT_TARGET = 4.3;
				SDKROOT = iphoneos;
			};
			name = Debug;
		};
		24C46E9B1348AE1500758AE8 /* Release */ = {
			isa = XCBuildConfiguration;
			buildSettings = {
				ARCHS = "$(ARCHS_STANDARD_32_BIT)";
				GCC_C_LANGUAGE_STANDARD = gnu99;
				GCC_VERSION = com.apple.compilers.llvm.clang.1_0;
				GCC_WARN_ABOUT_RETURN_TYPE = YES;
				GCC_WARN_UNUSED_VARIABLE = YES;
				IPHONEOS_DEPLOYMENT_TARGET = 4.3;
				SDKROOT = iphoneos;
			};
			name = Release;
		};
		24C46E9D1348AE1500758AE8 /* Debug */ = {
			isa = XCBuildConfiguration;
			buildSettings = {
				ALWAYS_SEARCH_USER_PATHS = NO;
				DSTROOT = /tmp/DCTFoundation.dst;
				GCC_PRECOMPILE_PREFIX_HEADER = YES;
				GCC_PREFIX_HEADER = "DCTFoundation/DCTFoundation-Prefix.pch";
				OTHER_LDFLAGS = "-ObjC";
				PRODUCT_NAME = "$(TARGET_NAME)";
			};
			name = Debug;
		};
		24C46E9E1348AE1500758AE8 /* Release */ = {
			isa = XCBuildConfiguration;
			buildSettings = {
				ALWAYS_SEARCH_USER_PATHS = NO;
				DSTROOT = /tmp/DCTFoundation.dst;
				GCC_PRECOMPILE_PREFIX_HEADER = YES;
				GCC_PREFIX_HEADER = "DCTFoundation/DCTFoundation-Prefix.pch";
				OTHER_LDFLAGS = "-ObjC";
				PRODUCT_NAME = "$(TARGET_NAME)";
			};
			name = Release;
		};
		24C46EA01348AE1500758AE8 /* Debug */ = {
			isa = XCBuildConfiguration;
			buildSettings = {
				ALWAYS_SEARCH_USER_PATHS = NO;
				FRAMEWORK_SEARCH_PATHS = (
					"$(SDKROOT)/Developer/Library/Frameworks",
					"$(DEVELOPER_LIBRARY_DIR)/Frameworks",
				);
				GCC_PRECOMPILE_PREFIX_HEADER = YES;
				GCC_PREFIX_HEADER = "DCTFoundationTests/DCTFoundationTests-Prefix.pch";
				INFOPLIST_FILE = "DCTFoundationTests/DCTFoundationTests-Info.plist";
				OTHER_LDFLAGS = (
					"-framework",
					SenTestingKit,
				);
				PRODUCT_NAME = "$(TARGET_NAME)";
				WRAPPER_EXTENSION = octest;
			};
			name = Debug;
		};
		24C46EA11348AE1500758AE8 /* Release */ = {
			isa = XCBuildConfiguration;
			buildSettings = {
				ALWAYS_SEARCH_USER_PATHS = NO;
				FRAMEWORK_SEARCH_PATHS = (
					"$(SDKROOT)/Developer/Library/Frameworks",
					"$(DEVELOPER_LIBRARY_DIR)/Frameworks",
				);
				GCC_PRECOMPILE_PREFIX_HEADER = YES;
				GCC_PREFIX_HEADER = "DCTFoundationTests/DCTFoundationTests-Prefix.pch";
				INFOPLIST_FILE = "DCTFoundationTests/DCTFoundationTests-Info.plist";
				OTHER_LDFLAGS = (
					"-framework",
					SenTestingKit,
				);
				PRODUCT_NAME = "$(TARGET_NAME)";
				WRAPPER_EXTENSION = octest;
			};
			name = Release;
		};
/* End XCBuildConfiguration section */

/* Begin XCConfigurationList section */
		24C46E731348AE1500758AE8 /* Build configuration list for PBXProject "DCTFoundation" */ = {
			isa = XCConfigurationList;
			buildConfigurations = (
				24C46E9A1348AE1500758AE8 /* Debug */,
				24C46E9B1348AE1500758AE8 /* Release */,
			);
			defaultConfigurationIsVisible = 0;
			defaultConfigurationName = Release;
		};
		24C46E9C1348AE1500758AE8 /* Build configuration list for PBXNativeTarget "DCTFoundation" */ = {
			isa = XCConfigurationList;
			buildConfigurations = (
				24C46E9D1348AE1500758AE8 /* Debug */,
				24C46E9E1348AE1500758AE8 /* Release */,
			);
			defaultConfigurationIsVisible = 0;
			defaultConfigurationName = Release;
		};
		24C46E9F1348AE1500758AE8 /* Build configuration list for PBXNativeTarget "DCTFoundationTests" */ = {
			isa = XCConfigurationList;
			buildConfigurations = (
				24C46EA01348AE1500758AE8 /* Debug */,
				24C46EA11348AE1500758AE8 /* Release */,
			);
			defaultConfigurationIsVisible = 0;
			defaultConfigurationName = Release;
		};
/* End XCConfigurationList section */
	};
	rootObject = 24C46E701348AE1500758AE8 /* Project object */;
}
